
Microsoft Visual Studio Solution File, Format Version 12.00
# Visual Studio 15
VisualStudioVersion = 15.0.26430.12
MinimumVisualStudioVersion = 10.0.40219.1
Project("{8BC9CEB8-8B4A-11D0-8D11-00A0C91BC942}") = "Common", "Common\Common.vcxproj", "{2FC1724C-9F66-4D65-9BC8-F27A7345104D}"
EndProject
Project("{8BC9CEB8-8B4A-11D0-8D11-00A0C91BC942}") = "Button", "Button\Button.vcxproj", "{99053732-2CD7-418A-B363-EEEEB65255F0}"
EndProject
Project("{8BC9CEB8-8B4A-11D0-8D11-00A0C91BC942}") = "Checklist", "Checklist\Checklist.vcxproj", "{C01A916D-D0A7-4436-B512-533AB3B2647E}"
EndProject
Project("{8BC9CEB8-8B4A-11D0-8D11-00A0C91BC942}") = "ComboBox", "ComboBox\ComboBox.vcxproj", "{AAAF75F0-5709-4CCE-9391-A47A7986D2B3}"
EndProject
Project("{8BC9CEB8-8B4A-11D0-8D11-00A0C91BC942}") = "Label", "Label\Label.vcxproj", "{E40E8D0E-ECBC-43D9-81E1-03E101BE044F}"
EndProject
Project("{8BC9CEB8-8B4A-11D0-8D11-00A0C91BC942}") = "MessageBox", "MessageBox\MessageBox.vcxproj", "{BECDCEC3-B4C7-4DB9-9B97-5BFF4EB6638A}"
EndProject
Project("{8BC9CEB8-8B4A-11D0-8D11-00A0C91BC942}") = "NumericBox", "NumericBox\NumericBox.vcxproj", "{C927830E-69A5-429A-BDEF-B40BD43BC66A}"
EndProject
Project("{8BC9CEB8-8B4A-11D0-8D11-00A0C91BC942}") = "Panel", "Panel\Panel.vcxproj", "{D59FF2A2-21C0-494B-9FEF-187F8EBD8F1E}"
EndProject
Project("{8BC9CEB8-8B4A-11D0-8D11-00A0C91BC942}") = "Radiolist", "Radiolist\Radiolist.vcxproj", "{A7495C41-62C5-4382-9D37-419105455D79}"
EndProject
Project("{8BC9CEB8-8B4A-11D0-8D11-00A0C91BC942}") = "TextBox", "TextBox\TextBox.vcxproj", "{8751BC44-1CDC-42AE-BD93-6D670B33124C}"
EndProject
Project("{8BC9CEB8-8B4A-11D0-8D11-00A0C91BC942}") = "UnitTest", "UnitTest\UnitTest.vcxproj", "{EBC3C460-8186-4B4D-8B2D-56127FA14EC6}"
EndProject
Project("{8BC9CEB8-8B4A-11D0-8D11-00A0C91BC942}") = "Application", "Application\Application.vcxproj", "{F4DEFA61-AE8F-4C90-9110-39508A88E764}"
EndProject
Global
	GlobalSection(SolutionConfigurationPlatforms) = preSolution
		Debug|x64 = Debug|x64
		Debug|x86 = Debug|x86
		Release|x64 = Release|x64
		Release|x86 = Release|x86
	EndGlobalSection
	GlobalSection(ProjectConfigurationPlatforms) = postSolution
		{2FC1724C-9F66-4D65-9BC8-F27A7345104D}.Debug|x64.ActiveCfg = Debug|x64
		{2FC1724C-9F66-4D65-9BC8-F27A7345104D}.Debug|x64.Build.0 = Debug|x64
		{2FC1724C-9F66-4D65-9BC8-F27A7345104D}.Debug|x86.ActiveCfg = Debug|Win32
		{2FC1724C-9F66-4D65-9BC8-F27A7345104D}.Debug|x86.Build.0 = Debug|Win32
		{2FC1724C-9F66-4D65-9BC8-F27A7345104D}.Release|x64.ActiveCfg = Release|x64
		{2FC1724C-9F66-4D65-9BC8-F27A7345104D}.Release|x64.Build.0 = Release|x64
		{2FC1724C-9F66-4D65-9BC8-F27A7345104D}.Release|x86.ActiveCfg = Release|Win32
		{2FC1724C-9F66-4D65-9BC8-F27A7345104D}.Release|x86.Build.0 = Release|Win32
		{99053732-2CD7-418A-B363-EEEEB65255F0}.Debug|x64.ActiveCfg = Debug|x64
		{99053732-2CD7-418A-B363-EEEEB65255F0}.Debug|x64.Build.0 = Debug|x64
		{99053732-2CD7-418A-B363-EEEEB65255F0}.Debug|x86.ActiveCfg = Debug|Win32
		{99053732-2CD7-418A-B363-EEEEB65255F0}.Debug|x86.Build.0 = Debug|Win32
		{99053732-2CD7-418A-B363-EEEEB65255F0}.Release|x64.ActiveCfg = Release|x64
		{99053732-2CD7-418A-B363-EEEEB65255F0}.Release|x64.Build.0 = Release|x64
		{99053732-2CD7-418A-B363-EEEEB65255F0}.Release|x86.ActiveCfg = Release|Win32
		{99053732-2CD7-418A-B363-EEEEB65255F0}.Release|x86.Build.0 = Release|Win32
		{C01A916D-D0A7-4436-B512-533AB3B2647E}.Debug|x64.ActiveCfg = Debug|x64
		{C01A916D-D0A7-4436-B512-533AB3B2647E}.Debug|x64.Build.0 = Debug|x64
		{C01A916D-D0A7-4436-B512-533AB3B2647E}.Debug|x86.ActiveCfg = Debug|Win32
		{C01A916D-D0A7-4436-B512-533AB3B2647E}.Debug|x86.Build.0 = Debug|Win32
		{C01A916D-D0A7-4436-B512-533AB3B2647E}.Release|x64.ActiveCfg = Release|x64
		{C01A916D-D0A7-4436-B512-533AB3B2647E}.Release|x64.Build.0 = Release|x64
		{C01A916D-D0A7-4436-B512-533AB3B2647E}.Release|x86.ActiveCfg = Release|Win32
		{C01A916D-D0A7-4436-B512-533AB3B2647E}.Release|x86.Build.0 = Release|Win32
		{AAAF75F0-5709-4CCE-9391-A47A7986D2B3}.Debug|x64.ActiveCfg = Debug|x64
		{AAAF75F0-5709-4CCE-9391-A47A7986D2B3}.Debug|x64.Build.0 = Debug|x64
		{AAAF75F0-5709-4CCE-9391-A47A7986D2B3}.Debug|x86.ActiveCfg = Debug|Win32
		{AAAF75F0-5709-4CCE-9391-A47A7986D2B3}.Debug|x86.Build.0 = Debug|Win32
		{AAAF75F0-5709-4CCE-9391-A47A7986D2B3}.Release|x64.ActiveCfg = Release|x64
		{AAAF75F0-5709-4CCE-9391-A47A7986D2B3}.Release|x64.Build.0 = Release|x64
		{AAAF75F0-5709-4CCE-9391-A47A7986D2B3}.Release|x86.ActiveCfg = Release|Win32
		{AAAF75F0-5709-4CCE-9391-A47A7986D2B3}.Release|x86.Build.0 = Release|Win32
		{E40E8D0E-ECBC-43D9-81E1-03E101BE044F}.Debug|x64.ActiveCfg = Debug|x64
		{E40E8D0E-ECBC-43D9-81E1-03E101BE044F}.Debug|x64.Build.0 = Debug|x64
		{E40E8D0E-ECBC-43D9-81E1-03E101BE044F}.Debug|x86.ActiveCfg = Debug|Win32
		{E40E8D0E-ECBC-43D9-81E1-03E101BE044F}.Debug|x86.Build.0 = Debug|Win32
		{E40E8D0E-ECBC-43D9-81E1-03E101BE044F}.Release|x64.ActiveCfg = Release|x64
		{E40E8D0E-ECBC-43D9-81E1-03E101BE044F}.Release|x64.Build.0 = Release|x64
		{E40E8D0E-ECBC-43D9-81E1-03E101BE044F}.Release|x86.ActiveCfg = Release|Win32
		{E40E8D0E-ECBC-43D9-81E1-03E101BE044F}.Release|x86.Build.0 = Release|Win32
		{BECDCEC3-B4C7-4DB9-9B97-5BFF4EB6638A}.Debug|x64.ActiveCfg = Debug|x64
		{BECDCEC3-B4C7-4DB9-9B97-5BFF4EB6638A}.Debug|x64.Build.0 = Debug|x64
		{BECDCEC3-B4C7-4DB9-9B97-5BFF4EB6638A}.Debug|x86.ActiveCfg = Debug|Win32
		{BECDCEC3-B4C7-4DB9-9B97-5BFF4EB6638A}.Debug|x86.Build.0 = Debug|Win32
		{BECDCEC3-B4C7-4DB9-9B97-5BFF4EB6638A}.Release|x64.ActiveCfg = Release|x64
		{BECDCEC3-B4C7-4DB9-9B97-5BFF4EB6638A}.Release|x64.Build.0 = Release|x64
		{BECDCEC3-B4C7-4DB9-9B97-5BFF4EB6638A}.Release|x86.ActiveCfg = Release|Win32
		{BECDCEC3-B4C7-4DB9-9B97-5BFF4EB6638A}.Release|x86.Build.0 = Release|Win32
		{C927830E-69A5-429A-BDEF-B40BD43BC66A}.Debug|x64.ActiveCfg = Debug|x64
		{C927830E-69A5-429A-BDEF-B40BD43BC66A}.Debug|x64.Build.0 = Debug|x64
		{C927830E-69A5-429A-BDEF-B40BD43BC66A}.Debug|x86.ActiveCfg = Debug|Win32
		{C927830E-69A5-429A-BDEF-B40BD43BC66A}.Debug|x86.Build.0 = Debug|Win32
		{C927830E-69A5-429A-BDEF-B40BD43BC66A}.Release|x64.ActiveCfg = Release|x64
		{C927830E-69A5-429A-BDEF-B40BD43BC66A}.Release|x64.Build.0 = Release|x64
		{C927830E-69A5-429A-BDEF-B40BD43BC66A}.Release|x86.ActiveCfg = Release|Win32
		{C927830E-69A5-429A-BDEF-B40BD43BC66A}.Release|x86.Build.0 = Release|Win32
		{D59FF2A2-21C0-494B-9FEF-187F8EBD8F1E}.Debug|x64.ActiveCfg = Debug|x64
		{D59FF2A2-21C0-494B-9FEF-187F8EBD8F1E}.Debug|x64.Build.0 = Debug|x64
		{D59FF2A2-21C0-494B-9FEF-187F8EBD8F1E}.Debug|x86.ActiveCfg = Debug|Win32
		{D59FF2A2-21C0-494B-9FEF-187F8EBD8F1E}.Debug|x86.Build.0 = Debug|Win32
		{D59FF2A2-21C0-494B-9FEF-187F8EBD8F1E}.Release|x64.ActiveCfg = Release|x64
		{D59FF2A2-21C0-494B-9FEF-187F8EBD8F1E}.Release|x64.Build.0 = Release|x64
		{D59FF2A2-21C0-494B-9FEF-187F8EBD8F1E}.Release|x86.ActiveCfg = Release|Win32
		{D59FF2A2-21C0-494B-9FEF-187F8EBD8F1E}.Release|x86.Build.0 = Release|Win32
		{A7495C41-62C5-4382-9D37-419105455D79}.Debug|x64.ActiveCfg = Debug|x64
		{A7495C41-62C5-4382-9D37-419105455D79}.Debug|x64.Build.0 = Debug|x64
		{A7495C41-62C5-4382-9D37-419105455D79}.Debug|x86.ActiveCfg = Debug|Win32
		{A7495C41-62C5-4382-9D37-419105455D79}.Debug|x86.Build.0 = Debug|Win32
		{A7495C41-62C5-4382-9D37-419105455D79}.Release|x64.ActiveCfg = Release|x64
		{A7495C41-62C5-4382-9D37-419105455D79}.Release|x64.Build.0 = Release|x64
		{A7495C41-62C5-4382-9D37-419105455D79}.Release|x86.ActiveCfg = Release|Win32
		{A7495C41-62C5-4382-9D37-419105455D79}.Release|x86.Build.0 = Release|Win32
		{8751BC44-1CDC-42AE-BD93-6D670B33124C}.Debug|x64.ActiveCfg = Debug|x64
		{8751BC44-1CDC-42AE-BD93-6D670B33124C}.Debug|x64.Build.0 = Debug|x64
		{8751BC44-1CDC-42AE-BD93-6D670B33124C}.Debug|x86.ActiveCfg = Debug|Win32
		{8751BC44-1CDC-42AE-BD93-6D670B33124C}.Debug|x86.Build.0 = Debug|Win32
		{8751BC44-1CDC-42AE-BD93-6D670B33124C}.Release|x64.ActiveCfg = Release|x64
		{8751BC44-1CDC-42AE-BD93-6D670B33124C}.Release|x64.Build.0 = Release|x64
		{8751BC44-1CDC-42AE-BD93-6D670B33124C}.Release|x86.ActiveCfg = Release|Win32
		{8751BC44-1CDC-42AE-BD93-6D670B33124C}.Release|x86.Build.0 = Release|Win32
		{EBC3C460-8186-4B4D-8B2D-56127FA14EC6}.Debug|x64.ActiveCfg = Debug|x64
		{EBC3C460-8186-4B4D-8B2D-56127FA14EC6}.Debug|x64.Build.0 = Debug|x64
		{EBC3C460-8186-4B4D-8B2D-56127FA14EC6}.Debug|x86.ActiveCfg = Debug|Win32
		{EBC3C460-8186-4B4D-8B2D-56127FA14EC6}.Debug|x86.Build.0 = Debug|Win32
		{EBC3C460-8186-4B4D-8B2D-56127FA14EC6}.Release|x64.ActiveCfg = Release|x64
		{EBC3C460-8186-4B4D-8B2D-56127FA14EC6}.Release|x64.Build.0 = Release|x64
		{EBC3C460-8186-4B4D-8B2D-56127FA14EC6}.Release|x86.ActiveCfg = Release|Win32
		{EBC3C460-8186-4B4D-8B2D-56127FA14EC6}.Release|x86.Build.0 = Release|Win32
		{F4DEFA61-AE8F-4C90-9110-39508A88E764}.Debug|x64.ActiveCfg = Debug|x64
		{F4DEFA61-AE8F-4C90-9110-39508A88E764}.Debug|x64.Build.0 = Debug|x64
		{F4DEFA61-AE8F-4C90-9110-39508A88E764}.Debug|x86.ActiveCfg = Debug|Win32
		{F4DEFA61-AE8F-4C90-9110-39508A88E764}.Debug|x86.Build.0 = Debug|Win32
		{F4DEFA61-AE8F-4C90-9110-39508A88E764}.Release|x64.ActiveCfg = Release|x64
		{F4DEFA61-AE8F-4C90-9110-39508A88E764}.Release|x64.Build.0 = Release|x64
		{F4DEFA61-AE8F-4C90-9110-39508A88E764}.Release|x86.ActiveCfg = Release|Win32
		{F4DEFA61-AE8F-4C90-9110-39508A88E764}.Release|x86.Build.0 = Release|Win32
	EndGlobalSection
	GlobalSection(SolutionProperties) = preSolution
		HideSolutionNode = FALSE
	EndGlobalSection
EndGlobal
